<?xml version="1.0" encoding="utf-8"?>
<Project ToolsVersion="4.0" xmlns="http://schemas.microsoft.com/developer/msbuild/2003">
  <ItemGroup>
    <ClCompile Include="App.cpp" />
    <ClCompile Include="main.cpp" />
    <ClCompile Include="inputManager.cpp">
      <Filter>engine\utils</Filter>
    </ClCompile>
    <ClCompile Include="SDLEvent.cpp">
      <Filter>engine\utils</Filter>
    </ClCompile>
    <ClCompile Include="TimeManager.cpp">
      <Filter>engine\utils</Filter>
    </ClCompile>
    <ClCompile Include="shader.cpp">
      <Filter>engine\shaders</Filter>
    </ClCompile>
    <ClCompile Include="mathUtilities.cpp">
      <Filter>engine\math</Filter>
    </ClCompile>
    <ClCompile Include="matrix4.cpp">
      <Filter>engine\math</Filter>
    </ClCompile>
    <ClCompile Include="vector2.cpp">
      <Filter>engine\math</Filter>
    </ClCompile>
    <ClCompile Include="vector3.cpp">
      <Filter>engine\math</Filter>
    </ClCompile>
    <ClCompile Include="vector4.cpp">
      <Filter>engine\math</Filter>
    </ClCompile>
    <ClCompile Include="renderer.cpp">
      <Filter>engine\renderer</Filter>
    </ClCompile>
    <ClCompile Include="resoruceManager.cpp">
      <Filter>engine\utils</Filter>
    </ClCompile>
  </ItemGroup>
  <ItemGroup>
    <ClInclude Include="App.hpp" />
    <ClInclude Include="inputManager.hpp">
      <Filter>engine\utils</Filter>
    </ClInclude>
    <ClInclude Include="SDLEvent.hpp">
      <Filter>engine\utils</Filter>
    </ClInclude>
    <ClInclude Include="stb_image.h">
      <Filter>engine\utils</Filter>
    </ClInclude>
    <ClInclude Include="TimeManager.hpp">
      <Filter>engine\utils</Filter>
    </ClInclude>
    <ClInclude Include="shader.hpp">
      <Filter>engine\shaders</Filter>
    </ClInclude>
    <ClInclude Include="mathUtilities.hpp">
      <Filter>engine\math</Filter>
    </ClInclude>
    <ClInclude Include="matrix4.hpp">
      <Filter>engine\math</Filter>
    </ClInclude>
    <ClInclude Include="vector2.hpp">
      <Filter>engine\math</Filter>
    </ClInclude>
    <ClInclude Include="vector3.hpp">
      <Filter>engine\math</Filter>
    </ClInclude>
    <ClInclude Include="vector4.hpp">
      <Filter>engine\math</Filter>
    </ClInclude>
    <ClInclude Include="renderer.hpp">
      <Filter>engine\renderer</Filter>
    </ClInclude>
    <ClInclude Include="resoruceManager.hpp">
      <Filter>engine\utils</Filter>
    </ClInclude>
  </ItemGroup>
  <ItemGroup>
    <Filter Include="Game">
      <UniqueIdentifier>{ae1352e2-8c6b-438a-a13a-3c9f9de3c388}</UniqueIdentifier>
    </Filter>
    <Filter Include="engine">
      <UniqueIdentifier>{6f9fb37f-e47b-46c3-8209-dbf486018555}</UniqueIdentifier>
    </Filter>
    <Filter Include="engine\math">
      <UniqueIdentifier>{e18c33ec-3830-409e-8248-7b5d4442d8fa}</UniqueIdentifier>
    </Filter>
    <Filter Include="engine\shaders">
      <UniqueIdentifier>{683f1f8f-7a5c-4cf6-8c8f-de51d053b08c}</UniqueIdentifier>
    </Filter>
    <Filter Include="engine\renderer">
      <UniqueIdentifier>{a1fe27f4-6900-42c4-adb3-8c245505b286}</UniqueIdentifier>
    </Filter>
    <Filter Include="engine\utils">
      <UniqueIdentifier>{1fd3ac9b-6651-4be9-b9fc-707e643cbeeb}</UniqueIdentifier>
    </Filter>
  </ItemGroup>
  <ItemGroup>
    <None Include="frag.glsl">
      <Filter>engine\shaders</Filter>
    </None>
    <None Include="vertex.glsl">
      <Filter>engine\shaders</Filter>
    </None>
  </ItemGroup>
  <ItemGroup>
    <Image Include="test.png" />
  </ItemGroup>
</Project>