<?xml version="1.0" encoding="utf-8"?>
<Project ToolsVersion="4.0" xmlns="http://schemas.microsoft.com/developer/msbuild/2003">
  <ItemGroup>
    <ClCompile Include="App.cpp" />
    <ClCompile Include="main.cpp" />
    <ClCompile Include="SDLEvent.cpp" />
    <ClCompile Include="renderer.cpp" />
    <ClCompile Include="mathUtilities.cpp" />
    <ClCompile Include="component.cpp">
      <Filter>engine\core</Filter>
    </ClCompile>
    <ClCompile Include="gameObject.cpp">
      <Filter>engine\core</Filter>
    </ClCompile>
    <ClCompile Include="uniqueID.cpp">
      <Filter>engine\core</Filter>
    </ClCompile>
    <ClCompile Include="TimeManager.cpp">
      <Filter>engine\utilities</Filter>
    </ClCompile>
    <ClCompile Include="inputManager.cpp">
      <Filter>engine\utilities</Filter>
    </ClCompile>
    <ClCompile Include="resoruceManager.cpp">
      <Filter>engine\utilities</Filter>
    </ClCompile>
    <ClCompile Include="matrix4.cpp">
      <Filter>engine\math</Filter>
    </ClCompile>
    <ClCompile Include="vector2.cpp">
      <Filter>engine\math</Filter>
    </ClCompile>
    <ClCompile Include="vector3.cpp">
      <Filter>engine\math</Filter>
    </ClCompile>
    <ClCompile Include="vector4.cpp">
      <Filter>engine\math</Filter>
    </ClCompile>
    <ClCompile Include="shaderUtility.cpp">
      <Filter>engine\utilities</Filter>
    </ClCompile>
  </ItemGroup>
  <ItemGroup>
    <ClInclude Include="App.hpp" />
    <ClInclude Include="SDLEvent.hpp" />
    <ClInclude Include="renderer.hpp" />
    <ClInclude Include="mathUtilities.hpp" />
    <ClInclude Include="component.hpp">
      <Filter>engine\core</Filter>
    </ClInclude>
    <ClInclude Include="gameObject.hpp">
      <Filter>engine\core</Filter>
    </ClInclude>
    <ClInclude Include="iRender.hpp">
      <Filter>engine\core</Filter>
    </ClInclude>
    <ClInclude Include="iUpdate.hpp">
      <Filter>engine\core</Filter>
    </ClInclude>
    <ClInclude Include="uniqueID.hpp">
      <Filter>engine\core</Filter>
    </ClInclude>
    <ClInclude Include="stb_image.h">
      <Filter>engine\utilities</Filter>
    </ClInclude>
    <ClInclude Include="TimeManager.hpp">
      <Filter>engine\utilities</Filter>
    </ClInclude>
    <ClInclude Include="inputManager.hpp">
      <Filter>engine\utilities</Filter>
    </ClInclude>
    <ClInclude Include="resoruceManager.hpp">
      <Filter>engine\utilities</Filter>
    </ClInclude>
    <ClInclude Include="matrix4.hpp">
      <Filter>engine\math</Filter>
    </ClInclude>
    <ClInclude Include="vector2.hpp">
      <Filter>engine\math</Filter>
    </ClInclude>
    <ClInclude Include="vector3.hpp">
      <Filter>engine\math</Filter>
    </ClInclude>
    <ClInclude Include="vector4.hpp">
      <Filter>engine\math</Filter>
    </ClInclude>
    <ClInclude Include="shaderUtility.hpp">
      <Filter>engine\utilities</Filter>
    </ClInclude>
  </ItemGroup>
  <ItemGroup>
    <None Include="vertex.glsl">
      <Filter>engine\shaders</Filter>
    </None>
    <None Include="frag.glsl">
      <Filter>engine\shaders</Filter>
    </None>
  </ItemGroup>
  <ItemGroup>
    <Filter Include="engine">
      <UniqueIdentifier>{98ec6cec-fe69-4472-a0e2-8847b922547c}</UniqueIdentifier>
    </Filter>
    <Filter Include="engine\core">
      <UniqueIdentifier>{7303cefe-d08f-4420-a6d0-4291fd5b0371}</UniqueIdentifier>
    </Filter>
    <Filter Include="engine\shaders">
      <UniqueIdentifier>{3fcb50e2-c148-44d4-b4bf-c46e09466aab}</UniqueIdentifier>
    </Filter>
    <Filter Include="engine\utilities">
      <UniqueIdentifier>{df7e5444-dad9-4583-a5c0-f3207557ca93}</UniqueIdentifier>
    </Filter>
    <Filter Include="engine\math">
      <UniqueIdentifier>{decf93a2-1284-4c52-b4c0-2e657e948c7b}</UniqueIdentifier>
    </Filter>
    <Filter Include="game">
      <UniqueIdentifier>{64c5b5b5-04c3-4b1d-849c-0d3f07a2f267}</UniqueIdentifier>
    </Filter>
    <Filter Include="game\assets">
      <UniqueIdentifier>{98ef59a7-b8a2-4e32-81e9-0ec6c9b0379a}</UniqueIdentifier>
    </Filter>
  </ItemGroup>
  <ItemGroup>
    <Image Include="test.png">
      <Filter>game\assets</Filter>
    </Image>
    <Image Include="assets\ball.png">
      <Filter>game\assets</Filter>
    </Image>
    <Image Include="assets\block.png">
      <Filter>game\assets</Filter>
    </Image>
    <Image Include="Assets\background.jpg">
      <Filter>game\assets</Filter>
    </Image>
  </ItemGroup>
</Project>